dependencies:
- name: kube-prometheus
  repository: https://charts.bitnami.com/bitnami
  version: 9.2.1
- name: grafana
  repository: https://charts.bitnami.com/bitnami
  version: 12.0.5
- name: grafana-loki
  repository: https://charts.bitnami.com/bitnami
  version: 4.2.1
- name: grafana-tempo
  repository: https://charts.bitnami.com/bitnami
  version: 3.4.1
digest: sha256:d17daf47df12cede0e2350487bb5857bccbcfb3695e15ae81e845bbcad40a599
generated: "2025-06-11T11:35:07.217869924+10:00"
