dependencies:
- name: kube-prometheus
  repository: https://charts.bitnami.com/bitnami
  version: 9.2.1
- name: grafana
  repository: https://charts.bitnami.com/bitnami
  version: 11.2.1
- name: grafana-loki
  repository: https://charts.bitnami.com/bitnami
  version: 4.2.1
- name: grafana-tempo
  repository: https://charts.bitnami.com/bitnami
  version: 3.4.1
digest: sha256:4ccad0f0ceae47769f98ad53798d6438b0c614fc9bc5b4b183df483e0eaa2aef
generated: "2024-05-27T16:39:58.519666454+10:00"
