dependencies:
- name: api
  repository: ""
  version: 0.1.0
- name: auth
  repository: ""
  version: 0.1.0
- name: core
  repository: ""
  version: 0.1.0
- name: dispatch
  repository: ""
  version: 0.1.0
- name: frontendloader
  repository: ""
  version: 0.1.0
- name: searchingest
  repository: ""
  version: 0.1.0
- name: triggers
  repository: ""
  version: 0.1.0
- name: staff
  repository: ""
  version: 0.1.0
- name: init
  repository: ""
  version: 0.1.0
- name: etcd
  repository: https://charts.bitnami.com/bitnami
  version: 8.5.11
- name: rethinkdb
  repository: https://www.pozetron.com/helm/
  version: 1.1.9
- name: elasticsearch
  repository: https://charts.bitnami.com/bitnami
  version: 18.2.16
- name: redis
  repository: https://charts.bitnami.com/bitnami
  version: 17.3.18
- name: influxdb
  repository: https://charts.bitnami.com/bitnami
  version: 5.3.12
- name: mosquitto
  repository: https://halkeye.github.io/helm-charts/
  version: 0.2.0
- name: postgresql
  repository: https://charts.bitnami.com/bitnami
  version: 11.6.26
digest: sha256:14b7e0c05e4e08fd96d1dbe5e945afd21395e488ca96300d5abbe96b20cee716
generated: "2023-04-13T13:43:45.813424579+10:00"
