dependencies:
- name: api
  repository: ""
  version: 0.1.0
- name: auth
  repository: ""
  version: 0.1.0
- name: core
  repository: ""
  version: 0.1.0
- name: dispatch
  repository: ""
  version: 0.1.0
- name: frontendloader
  repository: ""
  version: 0.1.0
- name: triggers
  repository: ""
  version: 0.1.0
- name: staff
  repository: ""
  version: 0.1.0
- name: init
  repository: ""
  version: 0.1.0
- name: common
  repository: https://charts.bitnami.com/bitnami
  version: 2.31.4
- name: redis
  repository: https://charts.bitnami.com/bitnami
  version: 20.13.4
- name: influxdb
  repository: https://charts.bitnami.com/bitnami
  version: 5.3.12
- name: mosquitto
  repository: https://halkeye.github.io/helm-charts/
  version: 0.2.0
- name: postgresql-ha
  repository: https://charts.bitnami.com/bitnami
  version: 11.2.1
digest: sha256:498342b7d26e3b0b8cf67a89c9bb92b002ef8034085d2ac0277f9f25603e2430
generated: "2026-08-06T03:27:32.660769+10:00"
