dependencies:
- name: api
  repository: ""
  version: 0.1.0
- name: auth
  repository: ""
  version: 0.1.0
- name: core
  repository: ""
  version: 0.1.0
- name: dispatch
  repository: ""
  version: 0.1.0
- name: frontendloader
  repository: ""
  version: 0.1.0
- name: searchingest
  repository: ""
  version: 0.1.0
- name: triggers
  repository: ""
  version: 0.1.0
- name: staff
  repository: ""
  version: 0.1.0
- name: init
  repository: ""
  version: 0.1.0
- name: elasticsearch
  repository: https://charts.bitnami.com/bitnami
  version: 22.0.3
- name: redis
  repository: https://charts.bitnami.com/bitnami
  version: 20.13.4
- name: influxdb
  repository: https://charts.bitnami.com/bitnami
  version: 5.3.12
- name: mosquitto
  repository: https://halkeye.github.io/helm-charts/
  version: 0.2.0
- name: postgresql-ha
  repository: https://charts.bitnami.com/bitnami
  version: 11.2.1
digest: sha256:211e0d607a870ed2b7f93c3da5a083e639e004f7d65367c13acc94ac8acfd4e0
generated: "2025-05-12T13:03:58.399715417+10:00"
